{
  "name": "playstation-el-gam3a",
  "version": "0.0.0",
  "lockfileVersion": 1,
  "requires": true,
  "dependencies": {
    "@angular/animations": {
      "version": "5.1.2",
      "resolved": "https://registry.npmjs.org/@angular/animations/-/animations-5.1.2.tgz",
      "integrity": "sha512-so2i0He4Fh5YuvujC68k2/Hzyy56/vZAUmLTXHE+9f4RatjqV68LISseFXqcS8bhVuT7AD2ZEbHnM7nWhgDaTg==",
      "requires": {
        "tslib": "1.8.1"
      }
    },
    "@angular/common": {
      "version": "5.1.2",
      "resolved": "https://registry.npmjs.org/@angular/common/-/common-5.1.2.tgz",
      "integrity": "sha512-MqgMwsHXxxx8vmQrUFwhNcAg29eqClJdnMJ81DlD7XvEexyXxxoFrxnNea+aB3BUC1AzU0fEy24ngygmhjRmfw==",
      "requires": {
        "tslib": "1.8.1"
      }
    },
    "@angular/compiler": {
      "version": "5.1.2",
      "resolved": "https://registry.npmjs.org/@angular/compiler/-/compiler-5.1.2.tgz",
      "integrity": "sha512-asTrlMWRe24EzejBwBFVSfq3ZbYI9Xr9NbNtkHK4DRHutDA1wn5PQE5lHuUTNW2B/dmm9pm+5JTVtcbue0nEug==",
      "requires": {
        "tslib": "1.8.1"
      }
    },
    "@angular/core": {
      "version": "5.1.2",
      "resolved": "https://registry.npmjs.org/@angular/core/-/core-5.1.2.tgz",
      "integrity": "sha512-nHQWvhdxg7RbhRcfV5EhWURUZBqtcBFajXTBYA2rVHPhm0lGqEUi38VW0ddO8MpPGz0pK2PNpgR3GwXp/egaNw==",
      "requires": {
        "tslib": "1.8.1"
      }
    },
    "@angular/forms": {
      "version": "5.1.2",
      "resolved": "https://registry.npmjs.org/@angular/forms/-/forms-5.1.2.tgz",
      "integrity": "sha512-IQRZ2KF4303ga9nTzjU223steFLcaRrFyakM/+x8Hu1otzLeIoFiyDaFPBHtUvoRN14JlKusIi9m407mM2oNJQ==",
      "requires": {
        "tslib": "1.8.1"
      }
    },
    "@angular/http": {
      "version": "5.1.2",
      "resolved": "https://registry.npmjs.org/@angular/http/-/http-5.1.2.tgz",
      "integrity": "sha512-LvOgVPCxOii2TH8r8UrXQJjqrbgrt/HTNOtqqT1/CmemsnbGcBiYAnt5yiZ2aYQuop4RZLhQ/UpuSMLur9XPtg==",
      "requires": {
        "tslib": "1.8.1"
      }
    },
    "@angular/platform-browser": {
      "version": "5.1.2",
      "resolved": "https://registry.npmjs.org/@angular/platform-browser/-/platform-browser-5.1.2.tgz",
      "integrity": "sha512-L78ijQ81tEh6nnOq2BqCDtbhqLbARs/2A9QZvEhMTTFu5MOQH0yk0VrjNv58Lch9yOj04EH/Qi7Wep2vFqb57g==",
      "requires": {
        "tslib": "1.8.1"
      }
    },
    "@angular/platform-browser-dynamic": {
      "version": "5.1.2",
      "resolved": "https://registry.npmjs.org/@angular/platform-browser-dynamic/-/platform-browser-dynamic-5.1.2.tgz",
      "integrity": "sha512-LMMgG1RRngIMvU19+NFRUe2+2gKgzMpwddBVDondi71EqcfumD6NN343lNcHv5/5oWuJdaAx94A29qpAjyVt5Q==",
      "requires": {
        "tslib": "1.8.1"
      }
    },
    "@angular/router": {
      "version": "5.1.2",
      "resolved": "https://registry.npmjs.org/@angular/router/-/router-5.1.2.tgz",
      "integrity": "sha512-gNP2vPTQLlpiRE6tRdZY9CHYs+XhYsiR6wAfUInMvJAocA6a2mQs4qPILJjus8WbcASDzU51C+sgHF++4gz+Qg==",
      "requires": {
        "tslib": "1.8.1"
      }
    },
    "adler-32": {
      "version": "1.1.0",
      "resolved": "https://registry.npmjs.org/adler-32/-/adler-32-1.1.0.tgz",
      "integrity": "sha1-A1UaXH8O371PyPoSpoFJeOq2UcM=",
      "requires": {
        "exit-on-epipe": "1.0.1",
        "printj": "1.1.0"
      }
    },
    "angular": {
      "version": "1.6.8",
      "resolved": "https://registry.npmjs.org/angular/-/angular-1.6.8.tgz",
      "integrity": "sha512-9WErZIOw1Cu1V5Yxdvxz/6YpND8ntdP71fdPpufPFJvZodZXqCjQBYrHqEoMZreO5i84O3D/Jw/vepoFt68Azw=="
    },
    "bootstrap": {
      "version": "3.3.7",
      "resolved": "https://registry.npmjs.org/bootstrap/-/bootstrap-3.3.7.tgz",
      "integrity": "sha1-WjiTlFSfIzMIdaOxUGVldPip63E="
    },
    "cfb": {
      "version": "1.0.1",
      "resolved": "https://registry.npmjs.org/cfb/-/cfb-1.0.1.tgz",
      "integrity": "sha1-VXuyT2fa54gDeFoVldNlvILF+rQ=",
      "requires": {
        "commander": "2.12.2",
        "printj": "1.1.0"
      }
    },
    "codepage": {
      "version": "1.3.8",
      "resolved": "https://registry.npmjs.org/codepage/-/codepage-1.3.8.tgz",
      "integrity": "sha1-Ty5dfAl13ij4hJgFjcta/KtqX3E=",
      "requires": {
        "commander": "2.12.2",
        "concat-stream": "1.6.0",
        "voc": "1.0.0"
      },
      "dependencies": {
        "commander": {
          "version": "2.12.2",
          "resolved": "https://registry.npmjs.org/commander/-/commander-2.12.2.tgz",
          "integrity": "sha512-BFnaq5ZOGcDN7FlrtBT4xxkgIToalIIxwjxLWVJ8bGTpe1LroqMiqQXdA7ygc7CRvaYS+9zfPGFnJqFSayx+AA=="
        },
        "concat-stream": {
          "version": "1.6.0",
          "resolved": "https://registry.npmjs.org/concat-stream/-/concat-stream-1.6.0.tgz",
          "integrity": "sha1-CqxmL9Ur54lk1VMvaUeE5wEQrPc=",
          "requires": {
            "inherits": "2.0.3",
            "readable-stream": "2.3.3",
            "typedarray": "0.0.6"
          }
        }
      }
    },
    "commander": {
      "version": "2.12.2",
      "resolved": "https://registry.npmjs.org/commander/-/commander-2.12.2.tgz",
      "integrity": "sha512-BFnaq5ZOGcDN7FlrtBT4xxkgIToalIIxwjxLWVJ8bGTpe1LroqMiqQXdA7ygc7CRvaYS+9zfPGFnJqFSayx+AA=="
    },
    "core-js": {
      "version": "2.5.3",
      "resolved": "https://registry.npmjs.org/core-js/-/core-js-2.5.3.tgz",
      "integrity": "sha1-isw4NFgk8W2DZbfJtCWRaOjtYD4="
    },
    "core-util-is": {
      "version": "1.0.2",
      "resolved": "https://registry.npmjs.org/core-util-is/-/core-util-is-1.0.2.tgz",
      "integrity": "sha1-tf1UIgqivFq1eqtxQMlAdUUDwac="
    },
    "crc-32": {
      "version": "1.1.1",
      "resolved": "https://registry.npmjs.org/crc-32/-/crc-32-1.1.1.tgz",
      "integrity": "sha1-XXOdXkxuNSrYME1zIj1IP+Va240=",
      "requires": {
        "exit-on-epipe": "1.0.1",
        "printj": "1.1.0"
      }
    },
    "exit-on-epipe": {
      "version": "1.0.1",
      "resolved": "https://registry.npmjs.org/exit-on-epipe/-/exit-on-epipe-1.0.1.tgz",
      "integrity": "sha512-h2z5mrROTxce56S+pnvAV890uu7ls7f1kEvVGJbw1OlFH3/mlJ5bkXu0KRyW94v37zzHPiUd55iLn3DA7TjWpw=="
    },
    "frac": {
      "version": "0.3.1",
      "resolved": "https://registry.npmjs.org/frac/-/frac-0.3.1.tgz",
      "integrity": "sha1-V3Z3t/3L5vr3xGHxgB00E3zaQ1Q="
    },
    "inherits": {
      "version": "2.0.3",
      "resolved": "https://registry.npmjs.org/inherits/-/inherits-2.0.3.tgz",
      "integrity": "sha1-Yzwsg+PaQqUC9SRmAiSA9CCCYd4="
    },
    "isarray": {
      "version": "1.0.0",
      "resolved": "https://registry.npmjs.org/isarray/-/isarray-1.0.0.tgz",
      "integrity": "sha1-u5NdSFgsuhaMBoNJV6VKPgcSTxE="
    },
    "jquery": {
      "version": "3.2.1",
      "resolved": "https://registry.npmjs.org/jquery/-/jquery-3.2.1.tgz",
      "integrity": "sha1-XE2d5lKvbNCncBVKYxu6ErAVx4c="
    },
    "jszip": {
      "version": "2.4.0",
      "resolved": "https://registry.npmjs.org/jszip/-/jszip-2.4.0.tgz",
      "integrity": "sha1-SHqTt2w7/6bLCFzWHrk06r4tKU8=",
      "requires": {
        "pako": "0.2.9"
      },
      "dependencies": {
        "pako": {
          "version": "0.2.9",
          "resolved": "https://registry.npmjs.org/pako/-/pako-0.2.9.tgz",
          "integrity": "sha1-8/dSL073gjSNqBYbrZ7P1Rv4OnU="
        }
      }
    },
    "moment": {
      "version": "2.20.1",
      "resolved": "https://registry.npmjs.org/moment/-/moment-2.20.1.tgz",
      "integrity": "sha512-Yh9y73JRljxW5QxN08Fner68eFLxM5ynNOAw2LbIB1YAGeQzZT8QFSUvkAz609Zf+IHhhaUxqZK8dG3W/+HEvg=="
    },
    "node-excel-export": {
      "version": "1.4.2",
      "resolved": "https://registry.npmjs.org/node-excel-export/-/node-excel-export-1.4.2.tgz",
      "integrity": "sha1-4cDGSA7/We8zP4bfpKzYb0gdPTs=",
      "requires": {
        "xlsx-style": "0.8.13"
      }
    },
    "printj": {
      "version": "1.1.0",
      "resolved": "https://registry.npmjs.org/printj/-/printj-1.1.0.tgz",
      "integrity": "sha512-NbiNBOQ0GioHyeD3ni8wZB7ZmfU7mxIrqhWR5XSreX3rUVvk5UOwpzxOnWqrLdCtoBbdQ40sEwC+nXxxjlUo0A=="
    },
    "process-nextick-args": {
      "version": "1.0.7",
      "resolved": "https://registry.npmjs.org/process-nextick-args/-/process-nextick-args-1.0.7.tgz",
      "integrity": "sha1-FQ4gt1ZZCtP5EJPyWk8q2L/zC6M="
    },
    "readable-stream": {
      "version": "2.3.3",
      "resolved": "https://registry.npmjs.org/readable-stream/-/readable-stream-2.3.3.tgz",
      "integrity": "sha512-m+qzzcn7KUxEmd1gMbchF+Y2eIUbieUaxkWtptyHywrX0rE8QEYqPC07Vuy4Wm32/xE16NcdBctb8S0Xe/5IeQ==",
      "requires": {
        "core-util-is": "1.0.2",
        "inherits": "2.0.3",
        "isarray": "1.0.0",
        "process-nextick-args": "1.0.7",
        "safe-buffer": "5.1.1",
        "string_decoder": "1.0.3",
        "util-deprecate": "1.0.2"
      }
    },
    "rxjs": {
      "version": "5.5.6",
      "resolved": "https://registry.npmjs.org/rxjs/-/rxjs-5.5.6.tgz",
      "integrity": "sha512-v4Q5HDC0FHAQ7zcBX7T2IL6O5ltl1a2GX4ENjPXg6SjDY69Cmx9v4113C99a4wGF16ClPv5Z8mghuYorVkg/kg==",
      "requires": {
        "symbol-observable": "1.0.1"
      }
    },
    "safe-buffer": {
      "version": "5.1.1",
      "resolved": "https://registry.npmjs.org/safe-buffer/-/safe-buffer-5.1.1.tgz",
      "integrity": "sha512-kKvNJn6Mm93gAczWVJg7wH+wGYWNrDHdWvpUmHyEsgCtIwwo3bqPtV4tR5tuPaUhTOo/kvhVwd8XwwOllGYkbg=="
    },
    "ssf": {
      "version": "0.8.2",
      "resolved": "https://registry.npmjs.org/ssf/-/ssf-0.8.2.tgz",
      "integrity": "sha1-udTcahwbz3b4q/qW19dlb7Kr7NY=",
      "requires": {
        "colors": "0.6.2",
        "frac": "0.3.1",
        "voc": "1.0.0"
      },
      "dependencies": {
        "colors": {
          "version": "0.6.2",
          "resolved": "https://registry.npmjs.org/colors/-/colors-0.6.2.tgz",
          "integrity": "sha1-JCP+ZnisDF2uiFLl0OW+CMmXq8w="
        }
      }
    },
    "string_decoder": {
      "version": "1.0.3",
      "resolved": "https://registry.npmjs.org/string_decoder/-/string_decoder-1.0.3.tgz",
      "integrity": "sha512-4AH6Z5fzNNBcH+6XDMfA/BTt87skxqJlO0lAh3Dker5zThcAxG6mKz+iGu308UKoPPQ8Dcqx/4JhujzltRa+hQ==",
      "requires": {
        "safe-buffer": "5.1.1"
      }
    },
    "symbol-observable": {
      "version": "1.0.1",
      "resolved": "https://registry.npmjs.org/symbol-observable/-/symbol-observable-1.0.1.tgz",
      "integrity": "sha1-g0D8RwLDEi310iKI+IKD9RPT/dQ="
    },
    "tslib": {
      "version": "1.8.1",
      "resolved": "https://registry.npmjs.org/tslib/-/tslib-1.8.1.tgz",
      "integrity": "sha1-aUavLR1lGnsYY7Ux1uWvpBqkTqw="
    },
    "typedarray": {
      "version": "0.0.6",
      "resolved": "https://registry.npmjs.org/typedarray/-/typedarray-0.0.6.tgz",
      "integrity": "sha1-hnrHTjhkGHsdPUfZlqeOxciDB3c="
    },
    "util-deprecate": {
      "version": "1.0.2",
      "resolved": "https://registry.npmjs.org/util-deprecate/-/util-deprecate-1.0.2.tgz",
      "integrity": "sha1-RQ1Nyfpw3nMnYvvS1KKJgUGaDM8="
    },
    "voc": {
      "version": "1.0.0",
      "resolved": "https://registry.npmjs.org/voc/-/voc-1.0.0.tgz",
      "integrity": "sha512-mQwxWlK+zosxxDTqiFb9ZQBNgd794scgkhVwca7h9sEhvA52f3VzbOK+TOWeS8eSrFXnfuKrxElSPc5oLAetfw=="
    },
    "xlsx": {
      "version": "0.11.16",
      "resolved": "https://registry.npmjs.org/xlsx/-/xlsx-0.11.16.tgz",
      "integrity": "sha1-6F5E6ehdXkPhBCVtjbSABoqpJ6M=",
      "requires": {
        "adler-32": "1.1.0",
        "cfb": "1.0.1",
        "codepage": "1.11.0",
        "commander": "2.11.0",
        "crc-32": "1.1.1",
        "exit-on-epipe": "1.0.1",
        "ssf": "0.10.1"
      },
      "dependencies": {
        "codepage": {
          "version": "1.11.0",
          "resolved": "https://registry.npmjs.org/codepage/-/codepage-1.11.0.tgz",
          "integrity": "sha1-EHYJW58DtcoE9Dhz+hpid0IoXeI=",
          "requires": {
            "commander": "2.11.0",
            "exit-on-epipe": "1.0.1",
            "voc": "1.0.0"
          }
        },
        "commander": {
          "version": "2.11.0",
          "resolved": "https://registry.npmjs.org/commander/-/commander-2.11.0.tgz",
          "integrity": "sha512-b0553uYA5YAEGgyYIGYROzKQ7X5RAqedkfjiZxwi0kL1g3bOaBNNZfYkzt/CL0umgD5wc9Jec2FbB98CjkMRvQ=="
        },
        "frac": {
          "version": "1.1.0",
          "resolved": "https://registry.npmjs.org/frac/-/frac-1.1.0.tgz",
          "integrity": "sha1-3EN+nGpka2CxJ9gqxJAkZERcweM=",
          "requires": {
            "voc": "1.0.0"
          }
        },
        "ssf": {
          "version": "0.10.1",
          "resolved": "https://registry.npmjs.org/ssf/-/ssf-0.10.1.tgz",
          "integrity": "sha1-8j2CtjeS71YIkInBzQyEjpEc26Y=",
          "requires": {
            "frac": "1.1.0"
          }
        }
      }
    },
    "xlsx-style": {
      "version": "0.8.13",
      "resolved": "https://registry.npmjs.org/xlsx-style/-/xlsx-style-0.8.13.tgz",
      "integrity": "sha1-7SONa4wFYvlEfCkGq73tLTOeBIY=",
      "requires": {
        "adler-32": "1.1.0",
        "cfb": "1.0.1",
        "codepage": "1.3.8",
        "commander": "2.12.2",
        "crc-32": "1.1.1",
        "jszip": "2.4.0",
        "ssf": "0.8.2"
      },
      "dependencies": {
        "commander": {
          "version": "2.12.2",
          "resolved": "https://registry.npmjs.org/commander/-/commander-2.12.2.tgz",
          "integrity": "sha512-BFnaq5ZOGcDN7FlrtBT4xxkgIToalIIxwjxLWVJ8bGTpe1LroqMiqQXdA7ygc7CRvaYS+9zfPGFnJqFSayx+AA=="
        }
      }
    },
    "zone.js": {
      "version": "0.8.19",
      "resolved": "https://registry.npmjs.org/zone.js/-/zone.js-0.8.19.tgz",
      "integrity": "sha512-l9rofaOs6a4y1W8zt4pDmnCUCnYG377dG+5SZlXNWrTWYUuXFqcJZiOarhYiRVR0NI9sH/8ooPJiz4uprB/Mkg=="
    }
  }
}
